
Microsoft Visual Studio Solution File, Format Version 12.00
# Visual Studio 14
VisualStudioVersion = 14.0.24720.0
MinimumVisualStudioVersion = 10.0.40219.1
Project("{FAE04EC0-301F-11D3-BF4B-00C04F79EFBC}") = "ActualConnectTrip", "ActualConnectTrip\ActualConnectTrip.csproj", "{B526A615-4A7E-4B54-AD28-35FE24D19EBD}"
EndProject
Project("{FAE04EC0-301F-11D3-BF4B-00C04F79EFBC}") = "BizLogic", "BizLogic\BizLogic.csproj", "{003830CD-474B-4324-A10D-B1AB896A801B}"
EndProject
Project("{FAE04EC0-301F-11D3-BF4B-00C04F79EFBC}") = "DataLayer", "DataLayer\DataLayer.csproj", "{8BC8697B-BDE9-44E3-9DC3-E56BA5D9ED69}"
EndProject
Global
	GlobalSection(SolutionConfigurationPlatforms) = preSolution
		Debug|Any CPU = Debug|Any CPU
		Release|Any CPU = Release|Any CPU
	EndGlobalSection
	GlobalSection(ProjectConfigurationPlatforms) = postSolution
		{B526A615-4A7E-4B54-AD28-35FE24D19EBD}.Debug|Any CPU.ActiveCfg = Debug|Any CPU
		{B526A615-4A7E-4B54-AD28-35FE24D19EBD}.Debug|Any CPU.Build.0 = Debug|Any CPU
		{B526A615-4A7E-4B54-AD28-35FE24D19EBD}.Release|Any CPU.ActiveCfg = Release|Any CPU
		{B526A615-4A7E-4B54-AD28-35FE24D19EBD}.Release|Any CPU.Build.0 = Release|Any CPU
		{003830CD-474B-4324-A10D-B1AB896A801B}.Debug|Any CPU.ActiveCfg = Debug|Any CPU
		{003830CD-474B-4324-A10D-B1AB896A801B}.Debug|Any CPU.Build.0 = Debug|Any CPU
		{003830CD-474B-4324-A10D-B1AB896A801B}.Release|Any CPU.ActiveCfg = Release|Any CPU
		{003830CD-474B-4324-A10D-B1AB896A801B}.Release|Any CPU.Build.0 = Release|Any CPU
		{8BC8697B-BDE9-44E3-9DC3-E56BA5D9ED69}.Debug|Any CPU.ActiveCfg = Debug|Any CPU
		{8BC8697B-BDE9-44E3-9DC3-E56BA5D9ED69}.Debug|Any CPU.Build.0 = Debug|Any CPU
		{8BC8697B-BDE9-44E3-9DC3-E56BA5D9ED69}.Release|Any CPU.ActiveCfg = Release|Any CPU
		{8BC8697B-BDE9-44E3-9DC3-E56BA5D9ED69}.Release|Any CPU.Build.0 = Release|Any CPU
	EndGlobalSection
	GlobalSection(SolutionProperties) = preSolution
		HideSolutionNode = FALSE
	EndGlobalSection
EndGlobal
